
Microsoft Visual Studio Solution File, Format Version 12.00
# Visual Studio 15
VisualStudioVersion = 15.0.28010.2050
MinimumVisualStudioVersion = 10.0.40219.1
Project("{FAE04EC0-301F-11D3-BF4B-00C04F79EFBC}") = "ShQProject", "ShQProject\ShQProject.csproj", "{858DE0D7-0834-480F-B63F-1E88FB6892EB}"
EndProject
Project("{FAE04EC0-301F-11D3-BF4B-00C04F79EFBC}") = "elFinder.Net", "elFinder.Net\elFinder.Net.csproj", "{EE8DA138-7EDA-4EB5-B3FD-377763D5EAAE}"
EndProject
Global
	GlobalSection(SolutionConfigurationPlatforms) = preSolution
		Debug|Any CPU = Debug|Any CPU
		Release|Any CPU = Release|Any CPU
	EndGlobalSection
	GlobalSection(ProjectConfigurationPlatforms) = postSolution
		{858DE0D7-0834-480F-B63F-1E88FB6892EB}.Debug|Any CPU.ActiveCfg = Debug|Any CPU
		{858DE0D7-0834-480F-B63F-1E88FB6892EB}.Debug|Any CPU.Build.0 = Debug|Any CPU
		{858DE0D7-0834-480F-B63F-1E88FB6892EB}.Release|Any CPU.ActiveCfg = Release|Any CPU
		{858DE0D7-0834-480F-B63F-1E88FB6892EB}.Release|Any CPU.Build.0 = Release|Any CPU
		{EE8DA138-7EDA-4EB5-B3FD-377763D5EAAE}.Debug|Any CPU.ActiveCfg = Debug|Any CPU
		{EE8DA138-7EDA-4EB5-B3FD-377763D5EAAE}.Debug|Any CPU.Build.0 = Debug|Any CPU
		{EE8DA138-7EDA-4EB5-B3FD-377763D5EAAE}.Release|Any CPU.ActiveCfg = Release|Any CPU
		{EE8DA138-7EDA-4EB5-B3FD-377763D5EAAE}.Release|Any CPU.Build.0 = Release|Any CPU
	EndGlobalSection
	GlobalSection(SolutionProperties) = preSolution
		HideSolutionNode = FALSE
	EndGlobalSection
	GlobalSection(ExtensibilityGlobals) = postSolution
		SolutionGuid = {01933D25-D3D6-4B66-966D-968874D2CE86}
	EndGlobalSection
EndGlobal
